
Microsoft Visual Studio Solution File, Format Version 12.00
# Visual Studio 15
VisualStudioVersion = 15.0.26124.0
MinimumVisualStudioVersion = 15.0.26124.0
Project("{FAE04EC0-301F-11D3-BF4B-00C04F79EFBC}") = "API", "API\API.csproj", "{5D85531A-5712-4154-A736-5FE9DB4C5857}"
EndProject
Project("{FAE04EC0-301F-11D3-BF4B-00C04F79EFBC}") = "Core", "Core\Core.csproj", "{C3558A00-06F0-4EAA-85B0-44600720EFA3}"
EndProject
Project("{FAE04EC0-301F-11D3-BF4B-00C04F79EFBC}") = "Infrastructure", "Infrastructure\Infrastructure.csproj", "{CCA846E4-A371-488B-AC87-B322DB1F4366}"
EndProject
Global
	GlobalSection(SolutionConfigurationPlatforms) = preSolution
		Debug|Any CPU = Debug|Any CPU
		Debug|x64 = Debug|x64
		Debug|x86 = Debug|x86
		Release|Any CPU = Release|Any CPU
		Release|x64 = Release|x64
		Release|x86 = Release|x86
	EndGlobalSection
	GlobalSection(SolutionProperties) = preSolution
		HideSolutionNode = FALSE
	EndGlobalSection
	GlobalSection(ProjectConfigurationPlatforms) = postSolution
		{5D85531A-5712-4154-A736-5FE9DB4C5857}.Debug|Any CPU.ActiveCfg = Debug|Any CPU
		{5D85531A-5712-4154-A736-5FE9DB4C5857}.Debug|Any CPU.Build.0 = Debug|Any CPU
		{5D85531A-5712-4154-A736-5FE9DB4C5857}.Debug|x64.ActiveCfg = Debug|Any CPU
		{5D85531A-5712-4154-A736-5FE9DB4C5857}.Debug|x64.Build.0 = Debug|Any CPU
		{5D85531A-5712-4154-A736-5FE9DB4C5857}.Debug|x86.ActiveCfg = Debug|Any CPU
		{5D85531A-5712-4154-A736-5FE9DB4C5857}.Debug|x86.Build.0 = Debug|Any CPU
		{5D85531A-5712-4154-A736-5FE9DB4C5857}.Release|Any CPU.ActiveCfg = Release|Any CPU
		{5D85531A-5712-4154-A736-5FE9DB4C5857}.Release|Any CPU.Build.0 = Release|Any CPU
		{5D85531A-5712-4154-A736-5FE9DB4C5857}.Release|x64.ActiveCfg = Release|Any CPU
		{5D85531A-5712-4154-A736-5FE9DB4C5857}.Release|x64.Build.0 = Release|Any CPU
		{5D85531A-5712-4154-A736-5FE9DB4C5857}.Release|x86.ActiveCfg = Release|Any CPU
		{5D85531A-5712-4154-A736-5FE9DB4C5857}.Release|x86.Build.0 = Release|Any CPU
		{C3558A00-06F0-4EAA-85B0-44600720EFA3}.Debug|Any CPU.ActiveCfg = Debug|Any CPU
		{C3558A00-06F0-4EAA-85B0-44600720EFA3}.Debug|Any CPU.Build.0 = Debug|Any CPU
		{C3558A00-06F0-4EAA-85B0-44600720EFA3}.Debug|x64.ActiveCfg = Debug|Any CPU
		{C3558A00-06F0-4EAA-85B0-44600720EFA3}.Debug|x64.Build.0 = Debug|Any CPU
		{C3558A00-06F0-4EAA-85B0-44600720EFA3}.Debug|x86.ActiveCfg = Debug|Any CPU
		{C3558A00-06F0-4EAA-85B0-44600720EFA3}.Debug|x86.Build.0 = Debug|Any CPU
		{C3558A00-06F0-4EAA-85B0-44600720EFA3}.Release|Any CPU.ActiveCfg = Release|Any CPU
		{C3558A00-06F0-4EAA-85B0-44600720EFA3}.Release|Any CPU.Build.0 = Release|Any CPU
		{C3558A00-06F0-4EAA-85B0-44600720EFA3}.Release|x64.ActiveCfg = Release|Any CPU
		{C3558A00-06F0-4EAA-85B0-44600720EFA3}.Release|x64.Build.0 = Release|Any CPU
		{C3558A00-06F0-4EAA-85B0-44600720EFA3}.Release|x86.ActiveCfg = Release|Any CPU
		{C3558A00-06F0-4EAA-85B0-44600720EFA3}.Release|x86.Build.0 = Release|Any CPU
		{CCA846E4-A371-488B-AC87-B322DB1F4366}.Debug|Any CPU.ActiveCfg = Debug|Any CPU
		{CCA846E4-A371-488B-AC87-B322DB1F4366}.Debug|Any CPU.Build.0 = Debug|Any CPU
		{CCA846E4-A371-488B-AC87-B322DB1F4366}.Debug|x64.ActiveCfg = Debug|Any CPU
		{CCA846E4-A371-488B-AC87-B322DB1F4366}.Debug|x64.Build.0 = Debug|Any CPU
		{CCA846E4-A371-488B-AC87-B322DB1F4366}.Debug|x86.ActiveCfg = Debug|Any CPU
		{CCA846E4-A371-488B-AC87-B322DB1F4366}.Debug|x86.Build.0 = Debug|Any CPU
		{CCA846E4-A371-488B-AC87-B322DB1F4366}.Release|Any CPU.ActiveCfg = Release|Any CPU
		{CCA846E4-A371-488B-AC87-B322DB1F4366}.Release|Any CPU.Build.0 = Release|Any CPU
		{CCA846E4-A371-488B-AC87-B322DB1F4366}.Release|x64.ActiveCfg = Release|Any CPU
		{CCA846E4-A371-488B-AC87-B322DB1F4366}.Release|x64.Build.0 = Release|Any CPU
		{CCA846E4-A371-488B-AC87-B322DB1F4366}.Release|x86.ActiveCfg = Release|Any CPU
		{CCA846E4-A371-488B-AC87-B322DB1F4366}.Release|x86.Build.0 = Release|Any CPU
	EndGlobalSection
EndGlobal
